
Microsoft Visual Studio Solution File, Format Version 12.00
# Visual Studio Version 16
VisualStudioVersion = 16.0.31624.102
MinimumVisualStudioVersion = 10.0.40219.1
Project("{9A19103F-16F7-4668-BE54-9A1E7A4F7556}") = "Goldman", "Goldman.csproj", "{6824CED0-9ED1-43A1-B803-FA4FDD015BC4}"
EndProject
Global
	GlobalSection(SolutionConfigurationPlatforms) = preSolution
		Debug|Any CPU = Debug|Any CPU
		Release|Any CPU = Release|Any CPU
	EndGlobalSection
	GlobalSection(ProjectConfigurationPlatforms) = postSolution
		{6824CED0-9ED1-43A1-B803-FA4FDD015BC4}.Debug|Any CPU.ActiveCfg = Debug|Any CPU
		{6824CED0-9ED1-43A1-B803-FA4FDD015BC4}.Debug|Any CPU.Build.0 = Debug|Any CPU
		{6824CED0-9ED1-43A1-B803-FA4FDD015BC4}.Release|Any CPU.ActiveCfg = Release|Any CPU
		{6824CED0-9ED1-43A1-B803-FA4FDD015BC4}.Release|Any CPU.Build.0 = Release|Any CPU
	EndGlobalSection
	GlobalSection(SolutionProperties) = preSolution
		HideSolutionNode = FALSE
	EndGlobalSection
	GlobalSection(ExtensibilityGlobals) = postSolution
		SolutionGuid = {6254BF2F-FD21-4656-A832-049DA0CA2D3C}
	EndGlobalSection
EndGlobal
